lockfile_version: '1'
generated_at: '2026-04-25T17:15:10.921834+00:00'
apm_version: 0.9.2
dependencies:
- repo_url: tamara1031/easy-agents
  host: github.com
  resolved_commit: aa2b8341d8e9fb7e5d42f7e2b058fcf7e03497e6
  resolved_ref: main
  virtual_path: easy-agent
  is_virtual: true
  package_type: apm_package
  content_hash: sha256:57c0654c7cdccf4b04f1784a3d588279e0f34a3d2419df88e7e74d01cbb7429a
