lockfile_version: '1'
generated_at: '2026-04-28T15:08:33.955807+00:00'
apm_version: 0.10.0
dependencies:
- repo_url: mizchi/skills
  host: github.com
  resolved_commit: a0ebf680f62836f64d7e9b741ee212f55b108f88
  virtual_path: empirical-prompt-tuning
  is_virtual: true
  package_type: claude_skill
  deployed_files:
  - .claude/skills/empirical-prompt-tuning
  - .github/skills/empirical-prompt-tuning
  content_hash: sha256:9c64f10bca463d3ea059d1659d4dd9fddfd90239825c44f1be20c18a2e15b69a
  is_dev: true
- repo_url: tamara1031/easy-agents
  host: github.com
  resolved_commit: 16aa5b707992f7f22a418f65fa195e64ad8cdf20
  virtual_path: easy-agent
  is_virtual: true
  package_type: apm_package
  deployed_files:
  - .claude/agents/easy-agent.md
  - .github/agents/easy-agent.agent.md
  deployed_file_hashes:
    .claude/agents/easy-agent.md: sha256:e38d756b9d2e88569157cc1c009eea2ff0841a6da2ebd56ebd236c9c7ee1d45e
    .github/agents/easy-agent.agent.md: sha256:e38d756b9d2e88569157cc1c009eea2ff0841a6da2ebd56ebd236c9c7ee1d45e
  content_hash: sha256:45b412198cf00780b1696af41ab55698e7f8a738bfacda11e79e3d563a844529
- repo_url: tamara1031/easy-agents
  host: github.com
  resolved_commit: 16aa5b707992f7f22a418f65fa195e64ad8cdf20
  virtual_path: advisor
  is_virtual: true
  depth: 2
  resolved_by: tamara1031/easy-agents
  package_type: apm_package
  deployed_files:
  - .claude/agents/advisor.md
  - .claude/skills/call-advisor
  - .github/agents/advisor.agent.md
  - .github/skills/call-advisor
  deployed_file_hashes:
    .claude/agents/advisor.md: sha256:443da8f9ff89709974da8b5fc9a293d6bcbfa825e6acde59336ed458b0fe3a82
    .github/agents/advisor.agent.md: sha256:443da8f9ff89709974da8b5fc9a293d6bcbfa825e6acde59336ed458b0fe3a82
  content_hash: sha256:7ab2759cba09f5250ce445616666f0a3eb9d551eaaf6af674c504115e1df9cd3
- repo_url: tamara1031/easy-agents
  host: github.com
  resolved_commit: 16aa5b707992f7f22a418f65fa195e64ad8cdf20
  virtual_path: memoir
  is_virtual: true
  depth: 2
  resolved_by: tamara1031/easy-agents
  package_type: apm_package
  deployed_files:
  - .claude/skills/long-term-memory
  - .github/skills/long-term-memory
  content_hash: sha256:656a13a03830c5c5a071a16e988e55ccd191c006b6ce2ee57b6f9c9c05e098cd
- repo_url: tamara1031/easy-agents
  host: github.com
  resolved_commit: 16aa5b707992f7f22a418f65fa195e64ad8cdf20
  virtual_path: parliament
  is_virtual: true
  depth: 2
  resolved_by: tamara1031/easy-agents
  package_type: apm_package
  deployed_files:
  - .claude/agents/parliament-chairperson.md
  - .claude/agents/parliament-member.md
  - .claude/skills/call-parliament
  - .github/agents/parliament-chairperson.agent.md
  - .github/agents/parliament-member.agent.md
  - .github/skills/call-parliament
  deployed_file_hashes:
    .claude/agents/parliament-chairperson.md: sha256:cd5de15d4bc5834998173c1fb72eececaa847388245df9dbe7255ebaea23cd3b
    .claude/agents/parliament-member.md: sha256:6e973bae0a2c50d8dd6c5a7703922be6d0563dd20bb902864ada5499c386529b
    .github/agents/parliament-chairperson.agent.md: sha256:cd5de15d4bc5834998173c1fb72eececaa847388245df9dbe7255ebaea23cd3b
    .github/agents/parliament-member.agent.md: sha256:6e973bae0a2c50d8dd6c5a7703922be6d0563dd20bb902864ada5499c386529b
  content_hash: sha256:2d8238c54257ff5e630cecac883c8b6c90dfb39b52737fef855aa3e7bd558868
- repo_url: tamara1031/easy-agents
  host: github.com
  resolved_commit: 16aa5b707992f7f22a418f65fa195e64ad8cdf20
  virtual_path: refine-loop
  is_virtual: true
  depth: 2
  resolved_by: tamara1031/easy-agents
  package_type: apm_package
  deployed_files:
  - .claude/agents/refine-loop.md
  - .claude/skills/call-refine-loop
  - .github/agents/refine-loop.agent.md
  - .github/skills/call-refine-loop
  deployed_file_hashes:
    .claude/agents/refine-loop.md: sha256:0758284679ae690f799255c35fd1cb47a22272ffe265c8ff83b1232f9b21bdd7
    .github/agents/refine-loop.agent.md: sha256:0758284679ae690f799255c35fd1cb47a22272ffe265c8ff83b1232f9b21bdd7
  content_hash: sha256:d4795bf9ba72ec74592484e0bf40259e8eb90b94aed970f3b1df1963dad7be1d
- repo_url: tamara1031/easy-agents
  host: github.com
  resolved_commit: 16aa5b707992f7f22a418f65fa195e64ad8cdf20
  virtual_path: taskforce
  is_virtual: true
  depth: 2
  resolved_by: tamara1031/easy-agents
  package_type: apm_package
  deployed_files:
  - .claude/agents/hierarchy-manager.md
  - .claude/agents/hierarchy-member.md
  - .claude/skills/call-hierarchy
  - .github/agents/hierarchy-manager.agent.md
  - .github/agents/hierarchy-member.agent.md
  - .github/skills/call-hierarchy
  deployed_file_hashes:
    .claude/agents/hierarchy-manager.md: sha256:d1fc8a6092c609963bcf7c1c4a8c4c5a2cdfbba7b9d312f67c4e899971add8bf
    .claude/agents/hierarchy-member.md: sha256:5c6877dced3a7fa5f517ca1b20519f8d5a6113939b46203389c8cfe25fdffd6d
    .github/agents/hierarchy-manager.agent.md: sha256:d1fc8a6092c609963bcf7c1c4a8c4c5a2cdfbba7b9d312f67c4e899971add8bf
    .github/agents/hierarchy-member.agent.md: sha256:5c6877dced3a7fa5f517ca1b20519f8d5a6113939b46203389c8cfe25fdffd6d
  content_hash: sha256:598879379ea9535a89e527012dc40bab4d8b29282b35d1e7eb8b64082e31627a
