lockfile_version: '1'
generated_at: '2026-04-25T11:29:44.881023+00:00'
apm_version: 0.9.2
dependencies:
- repo_url: mizchi/skills
  host: github.com
  resolved_commit: a2b5a796a5f22fc05fb515cef106993b84cf08cc
  resolved_ref: main
  virtual_path: empirical-prompt-tuning
  is_virtual: true
  package_type: claude_skill
  deployed_files:
  - .claude/skills/empirical-prompt-tuning
  - .github/skills/empirical-prompt-tuning
  content_hash: sha256:18bcf9be6245f765cbb6c51ba4d988991a647139c1513094d6c116c15f7ed058
