lockfile_version: '1'
generated_at: '2026-04-25T15:57:10.471506+00:00'
apm_version: 0.9.2
dependencies:
- repo_url: tamara1031/easy-agents
  host: github.com
  resolved_commit: de92507fc345dfbc73b617d2266a9728a0f708d3
  resolved_ref: main
  virtual_path: advisor
  is_virtual: true
  package_type: marketplace_plugin
  deployed_files:
  - .claude/agents/advisor.md
  - .claude/skills/call-advisor
  - .github/agents/advisor.agent.md
  - .github/skills/call-advisor
  deployed_file_hashes:
    .claude/agents/advisor.md: sha256:974abe1e066d266a3dd7ad438324d0a4a555894d970f38398c323eb3a556e7f4
    .github/agents/advisor.agent.md: sha256:974abe1e066d266a3dd7ad438324d0a4a555894d970f38398c323eb3a556e7f4
  content_hash: sha256:aefa3437271b6c0603ba14385fbccd2fe5e2408da12ebbe4469b6e1c523b0df0
