lockfile_version: '1'
generated_at: '2026-04-25T17:17:31.448230+00:00'
apm_version: 0.9.2
dependencies:
- repo_url: tamara1031/easy-agents
  host: github.com
  resolved_commit: aa2b8341d8e9fb7e5d42f7e2b058fcf7e03497e6
  resolved_ref: main
  virtual_path: advisor
  is_virtual: true
  package_type: apm_package
  content_hash: sha256:17a4fde68fa06dd214d5c798cc3d8309c384b9848fb501d84063aeb2c43728c1
- repo_url: tamara1031/easy-agents
  host: github.com
  resolved_commit: aa2b8341d8e9fb7e5d42f7e2b058fcf7e03497e6
  resolved_ref: main
  virtual_path: memoir
  is_virtual: true
  package_type: apm_package
  content_hash: sha256:c97856d6f805246950e9e13370a0b6ca0ac5a775adc63a0df4c9910d1fa139c8
- repo_url: tamara1031/easy-agents
  host: github.com
  resolved_commit: aa2b8341d8e9fb7e5d42f7e2b058fcf7e03497e6
  resolved_ref: main
  virtual_path: parliament
  is_virtual: true
  package_type: apm_package
  content_hash: sha256:65a7e46198ad21c6b46a72b972945fb1cef20d03c5570cbca13ac09eb1557bf0
- repo_url: tamara1031/easy-agents
  host: github.com
  resolved_commit: aa2b8341d8e9fb7e5d42f7e2b058fcf7e03497e6
  resolved_ref: main
  virtual_path: taskforce
  is_virtual: true
  package_type: apm_package
  content_hash: sha256:85fcb664fc6e3d0ed9de78eb9318ffff1d54a12a9781a925c7600a5c2cb49b12
